
Microsoft Visual Studio Solution File, Format Version 12.00
# Visual Studio Version 16
VisualStudioVersion = 16.0.29519.87
MinimumVisualStudioVersion = 10.0.40219.1
Project("{FAE04EC0-301F-11D3-BF4B-00C04F79EFBC}") = "MOVA2020", "MOVA2020\MOVA2020.csproj", "{E2022D17-06B1-46BE-9910-807710EC90C0}"
EndProject
Global
	GlobalSection(SolutionConfigurationPlatforms) = preSolution
		Debug|Any CPU = Debug|Any CPU
		Release|Any CPU = Release|Any CPU
	EndGlobalSection
	GlobalSection(ProjectConfigurationPlatforms) = postSolution
		{E2022D17-06B1-46BE-9910-807710EC90C0}.Debug|Any CPU.ActiveCfg = Debug|Any CPU
		{E2022D17-06B1-46BE-9910-807710EC90C0}.Debug|Any CPU.Build.0 = Debug|Any CPU
		{E2022D17-06B1-46BE-9910-807710EC90C0}.Release|Any CPU.ActiveCfg = Release|Any CPU
		{E2022D17-06B1-46BE-9910-807710EC90C0}.Release|Any CPU.Build.0 = Release|Any CPU
	EndGlobalSection
	GlobalSection(SolutionProperties) = preSolution
		HideSolutionNode = FALSE
	EndGlobalSection
	GlobalSection(ExtensibilityGlobals) = postSolution
		SolutionGuid = {4CFC52DA-7269-431C-B966-DE58BB2EF923}
	EndGlobalSection
EndGlobal
